
Microsoft Visual Studio Solution File, Format Version 12.00
# Visual Studio 2012
Project("{D954291E-2A0B-460D-934E-DC6B0785DB48}") = "SharedProject", "SharedProject\SharedProject.shproj", "{E13E0209-ED4A-43FE-A084-06E4C0B4B3BB}"
EndProject
Project("{FAE04EC0-301F-11D3-BF4B-00C04F79EFBC}") = "AndroidApp", "AndroidApp\AndroidApp.csproj", "{8CA8EDE4-8511-4C22-B53D-676040B217B0}"
EndProject
Global
	GlobalSection(SolutionConfigurationPlatforms) = preSolution
		Debug|Any CPU = Debug|Any CPU
		Release|Any CPU = Release|Any CPU
	EndGlobalSection
	GlobalSection(ProjectConfigurationPlatforms) = postSolution
		{8CA8EDE4-8511-4C22-B53D-676040B217B0}.Debug|Any CPU.ActiveCfg = Debug|Any CPU
		{8CA8EDE4-8511-4C22-B53D-676040B217B0}.Debug|Any CPU.Build.0 = Debug|Any CPU
		{8CA8EDE4-8511-4C22-B53D-676040B217B0}.Release|Any CPU.ActiveCfg = Release|Any CPU
		{8CA8EDE4-8511-4C22-B53D-676040B217B0}.Release|Any CPU.Build.0 = Release|Any CPU
	EndGlobalSection
EndGlobal
